{
  "requires": true,
  "lockfileVersion": 1,
  "dependencies": {
    "bhailang": {
      "version": "0.0.7",
      "resolved": "https://registry.npmjs.org/bhailang/-/bhailang-0.0.7.tgz",
      "integrity": "sha512-nDdjQksRbk7saRMCTau3vqiA9XsBKpdg17o+qlzmdOatf9E0sCgrVe/PWn8zBoTdbyeq2sEe8u8K6i+PH8IxIQ=="
    }
  }
}
